
Microsoft Visual Studio Solution File, Format Version 12.00
# Visual Studio Version 17
VisualStudioVersion = 17.5.002.0
MinimumVisualStudioVersion = 10.0.40219.1
Project("{9A19103F-16F7-4668-BE54-9A1E7A4F7556}") = "my-assistant", "my-assistant\my-assistant.csproj", "{B0E8C89C-4AA1-4221-9BFB-882AD899619D}"
EndProject
Global
	GlobalSection(SolutionConfigurationPlatforms) = preSolution
		Debug|Any CPU = Debug|Any CPU
		Release|Any CPU = Release|Any CPU
	EndGlobalSection
	GlobalSection(ProjectConfigurationPlatforms) = postSolution
		{B0E8C89C-4AA1-4221-9BFB-882AD899619D}.Debug|Any CPU.ActiveCfg = Debug|Any CPU
		{B0E8C89C-4AA1-4221-9BFB-882AD899619D}.Debug|Any CPU.Build.0 = Debug|Any CPU
		{B0E8C89C-4AA1-4221-9BFB-882AD899619D}.Release|Any CPU.ActiveCfg = Release|Any CPU
		{B0E8C89C-4AA1-4221-9BFB-882AD899619D}.Release|Any CPU.Build.0 = Release|Any CPU
	EndGlobalSection
	GlobalSection(SolutionProperties) = preSolution
		HideSolutionNode = FALSE
	EndGlobalSection
	GlobalSection(ExtensibilityGlobals) = postSolution
		SolutionGuid = {89A48CDF-C36D-43C8-A9CE-836407B62312}
	EndGlobalSection
EndGlobal
